
Microsoft Visual Studio Solution File, Format Version 12.00
# Visual Studio Version 16
VisualStudioVersion = 16.0.30517.126
MinimumVisualStudioVersion = 10.0.40219.1
Project("{FAE04EC0-301F-11D3-BF4B-00C04F79EFBC}") = "GrasshopperAsyncComponent", "GrasshopperAsyncComponent\GrasshopperAsyncComponent.csproj", "{114D5E49-AC13-47F7-A70E-B4289579F4E3}"
EndProject
Project("{FAE04EC0-301F-11D3-BF4B-00C04F79EFBC}") = "GrasshopperAsyncComponentDemo", "GrasshopperAsyncComponentDemo\GrasshopperAsyncComponentDemo.csproj", "{695D2B91-DDB6-416E-8A99-DDE6253DA7AA}"
EndProject
Global
	GlobalSection(SolutionConfigurationPlatforms) = preSolution
		Debug|Any CPU = Debug|Any CPU
		Release|Any CPU = Release|Any CPU
	EndGlobalSection
	GlobalSection(ProjectConfigurationPlatforms) = postSolution
		{114D5E49-AC13-47F7-A70E-B4289579F4E3}.Debug|Any CPU.ActiveCfg = Debug|Any CPU
		{114D5E49-AC13-47F7-A70E-B4289579F4E3}.Debug|Any CPU.Build.0 = Debug|Any CPU
		{114D5E49-AC13-47F7-A70E-B4289579F4E3}.Release|Any CPU.ActiveCfg = Release|Any CPU
		{114D5E49-AC13-47F7-A70E-B4289579F4E3}.Release|Any CPU.Build.0 = Release|Any CPU
		{695D2B91-DDB6-416E-8A99-DDE6253DA7AA}.Debug|Any CPU.ActiveCfg = Debug|Any CPU
		{695D2B91-DDB6-416E-8A99-DDE6253DA7AA}.Debug|Any CPU.Build.0 = Debug|Any CPU
		{695D2B91-DDB6-416E-8A99-DDE6253DA7AA}.Release|Any CPU.ActiveCfg = Release|Any CPU
		{695D2B91-DDB6-416E-8A99-DDE6253DA7AA}.Release|Any CPU.Build.0 = Release|Any CPU
	EndGlobalSection
	GlobalSection(SolutionProperties) = preSolution
		HideSolutionNode = FALSE
	EndGlobalSection
	GlobalSection(ExtensibilityGlobals) = postSolution
		SolutionGuid = {08DDC5B3-E975-48EF-B33D-23F77FE55433}
	EndGlobalSection
EndGlobal
