{
  "version": 1,
  "dependencies": {
    ".NETFramework,Version=v4.8": {
      "Grasshopper": {
        "type": "Direct",
        "requested": "[7.4.21078.1001, )",
        "resolved": "7.4.21078.1001",
        "contentHash": "xWG8s2cFkIKTgjSrMknYAgwehOmf/yNCdHuRahsT2lkUwPUUYTlIb1+3Ju6PAMqVC98m4A26gyZUNjbP7eE+Jg==",
        "dependencies": {
          "RhinoCommon": "[7.4.21078.1001]"
        }
      },
      "RhinoCommon": {
        "type": "Transitive",
        "resolved": "7.4.21078.1001",
        "contentHash": "OTKPJWTItUq/KJoh6Zsq5+1d1EQydE78BE1MnHitoiXfytaPZlCMO2+gFSALy/ueONYFI9zccvPTH40WbBEOqg=="
      }
    }
  }
}