{
  "version": 1,
  "dependencies": {
    ".NETFramework,Version=v4.8": {
      "Grasshopper": {
        "type": "Direct",
        "requested": "[7.4.21078.1001, )",
        "resolved": "7.4.21078.1001",
        "contentHash": "xWG8s2cFkIKTgjSrMknYAgwehOmf/yNCdHuRahsT2lkUwPUUYTlIb1+3Ju6PAMqVC98m4A26gyZUNjbP7eE+Jg==",
        "dependencies": {
          "RhinoCommon": "[7.4.21078.1001]"
        }
      },
      "System.Resources.Extensions": {
        "type": "Direct",
        "requested": "[7.0.0, )",
        "resolved": "7.0.0",
        "contentHash": "65ufm9ABXvxRkQ//hMcUDrQXbGWkC7z0WWZAvHlQ6Qv+JmrIwHH1lmX8aXlNlXpIrT9KxDpuZPqJTVqqwzMD8Q==",
        "dependencies": {
          "System.Memory": "4.5.5"
        }
      },
      "RhinoCommon": {
        "type": "Transitive",
        "resolved": "7.4.21078.1001",
        "contentHash": "OTKPJWTItUq/KJoh6Zsq5+1d1EQydE78BE1MnHitoiXfytaPZlCMO2+gFSALy/ueONYFI9zccvPTH40WbBEOqg=="
      },
      "System.Buffers": {
        "type": "Transitive",
        "resolved": "4.5.1",
        "contentHash": "Rw7ijyl1qqRS0YQD/WycNst8hUUMgrMH4FCn1nNm27M4VxchZ1js3fVjQaANHO5f3sN4isvP4a+Met9Y4YomAg=="
      },
      "System.Memory": {
        "type": "Transitive",
        "resolved": "4.5.5",
        "contentHash": "XIWiDvKPXaTveaB7HVganDlOCRoj03l+jrwNvcge/t8vhGYKvqV+dMv6G4SAX2NoNmN0wZfVPTAlFwZcZvVOUw==",
        "dependencies": {
          "System.Buffers": "4.5.1",
          "System.Numerics.Vectors": "4.5.0",
          "System.Runtime.CompilerServices.Unsafe": "4.5.3"
        }
      },
      "System.Numerics.Vectors": {
        "type": "Transitive",
        "resolved": "4.5.0",
        "contentHash": "QQTlPTl06J/iiDbJCiepZ4H//BVraReU4O4EoRw1U02H5TLUIT7xn3GnDp9AXPSlJUDyFs4uWjWafNX6WrAojQ=="
      },
      "System.Runtime.CompilerServices.Unsafe": {
        "type": "Transitive",
        "resolved": "4.5.3",
        "contentHash": "3TIsJhD1EiiT0w2CcDMN/iSSwnNnsrnbzeVHSKkaEgV85txMprmuO+Yq2AdSbeVGcg28pdNDTPK87tJhX7VFHw=="
      },
      "grasshopperasynccomponent": {
        "type": "Project"
      }
    }
  }
}